
Microsoft Visual Studio Solution File, Format Version 12.00
# Visual Studio Version 17
VisualStudioVersion = 17.1.32228.430
MinimumVisualStudioVersion = 10.0.40219.1
Project("{9A19103F-16F7-4668-BE54-9A1E7A4F7556}") = "PeliculasAPI", "PeliculasAPI\PeliculasAPI.csproj", "{1917C3C3-77C8-4D0D-AC04-926A06266E2F}"
EndProject
Project("{FAE04EC0-301F-11D3-BF4B-00C04F79EFBC}") = "PeliculasAPI.Tests", "PeliculasAPI.Tests\PeliculasAPI.Tests.csproj", "{E2FA222C-58FA-445C-97F4-49A810D92A41}"
EndProject
Global
	GlobalSection(SolutionConfigurationPlatforms) = preSolution
		Debug|Any CPU = Debug|Any CPU
		Release|Any CPU = Release|Any CPU
	EndGlobalSection
	GlobalSection(ProjectConfigurationPlatforms) = postSolution
		{1917C3C3-77C8-4D0D-AC04-926A06266E2F}.Debug|Any CPU.ActiveCfg = Debug|Any CPU
		{1917C3C3-77C8-4D0D-AC04-926A06266E2F}.Debug|Any CPU.Build.0 = Debug|Any CPU
		{1917C3C3-77C8-4D0D-AC04-926A06266E2F}.Release|Any CPU.ActiveCfg = Release|Any CPU
		{1917C3C3-77C8-4D0D-AC04-926A06266E2F}.Release|Any CPU.Build.0 = Release|Any CPU
		{E2FA222C-58FA-445C-97F4-49A810D92A41}.Debug|Any CPU.ActiveCfg = Debug|Any CPU
		{E2FA222C-58FA-445C-97F4-49A810D92A41}.Debug|Any CPU.Build.0 = Debug|Any CPU
		{E2FA222C-58FA-445C-97F4-49A810D92A41}.Release|Any CPU.ActiveCfg = Release|Any CPU
		{E2FA222C-58FA-445C-97F4-49A810D92A41}.Release|Any CPU.Build.0 = Release|Any CPU
	EndGlobalSection
	GlobalSection(SolutionProperties) = preSolution
		HideSolutionNode = FALSE
	EndGlobalSection
	GlobalSection(ExtensibilityGlobals) = postSolution
		SolutionGuid = {1B0A1AD6-3701-4111-B745-2667A69FE716}
	EndGlobalSection
EndGlobal
